
Microsoft Visual Studio Solution File, Format Version 12.00
# Visual Studio Version 17
VisualStudioVersion = 17.0.31912.275
MinimumVisualStudioVersion = 10.0.40219.1
Project("{9A19103F-16F7-4668-BE54-9A1E7A4F7556}") = "HomeInventory", "src\HomeInventory\HomeInventory.csproj", "{4FCEB293-80B0-4922-A87F-15A6B5EB659C}"
EndProject
Project("{FAE04EC0-301F-11D3-BF4B-00C04F79EFBC}") = "HomeInventory.Tests", "tests\HomeInventory.Tests\HomeInventory.Tests.csproj", "{CEA98C1D-0394-4BBD-8F09-6236AC0BAB6B}"
EndProject
Global
	GlobalSection(SolutionConfigurationPlatforms) = preSolution
		Debug|Any CPU = Debug|Any CPU
		Release|Any CPU = Release|Any CPU
	EndGlobalSection
	GlobalSection(ProjectConfigurationPlatforms) = postSolution
		{4FCEB293-80B0-4922-A87F-15A6B5EB659C}.Debug|Any CPU.ActiveCfg = Debug|Any CPU
		{4FCEB293-80B0-4922-A87F-15A6B5EB659C}.Debug|Any CPU.Build.0 = Debug|Any CPU
		{4FCEB293-80B0-4922-A87F-15A6B5EB659C}.Release|Any CPU.ActiveCfg = Release|Any CPU
		{4FCEB293-80B0-4922-A87F-15A6B5EB659C}.Release|Any CPU.Build.0 = Release|Any CPU
		{CEA98C1D-0394-4BBD-8F09-6236AC0BAB6B}.Debug|Any CPU.ActiveCfg = Debug|Any CPU
		{CEA98C1D-0394-4BBD-8F09-6236AC0BAB6B}.Debug|Any CPU.Build.0 = Debug|Any CPU
		{CEA98C1D-0394-4BBD-8F09-6236AC0BAB6B}.Release|Any CPU.ActiveCfg = Release|Any CPU
		{CEA98C1D-0394-4BBD-8F09-6236AC0BAB6B}.Release|Any CPU.Build.0 = Release|Any CPU
	EndGlobalSection
	GlobalSection(SolutionProperties) = preSolution
		HideSolutionNode = FALSE
	EndGlobalSection
	GlobalSection(ExtensibilityGlobals) = postSolution
		SolutionGuid = {1538AAD5-F6DA-43E6-A8EE-07507D524439}
	EndGlobalSection
EndGlobal
